
Microsoft Visual Studio Solution File, Format Version 12.00
# Visual Studio Version 17
VisualStudioVersion = 17.1.32328.378
MinimumVisualStudioVersion = 10.0.40219.1
Project("{FAE04EC0-301F-11D3-BF4B-00C04F79EFBC}") = "ConsoleApp5", "ConsoleApp5\ConsoleApp5.csproj", "{6BCBD4DD-706C-4910-B15F-0C75E73C1949}"
EndProject
Global
	GlobalSection(SolutionConfigurationPlatforms) = preSolution
		Debug|Any CPU = Debug|Any CPU
		Release|Any CPU = Release|Any CPU
	EndGlobalSection
	GlobalSection(ProjectConfigurationPlatforms) = postSolution
		{6BCBD4DD-706C-4910-B15F-0C75E73C1949}.Debug|Any CPU.ActiveCfg = Debug|Any CPU
		{6BCBD4DD-706C-4910-B15F-0C75E73C1949}.Debug|Any CPU.Build.0 = Debug|Any CPU
		{6BCBD4DD-706C-4910-B15F-0C75E73C1949}.Release|Any CPU.ActiveCfg = Release|Any CPU
		{6BCBD4DD-706C-4910-B15F-0C75E73C1949}.Release|Any CPU.Build.0 = Release|Any CPU
	EndGlobalSection
	GlobalSection(SolutionProperties) = preSolution
		HideSolutionNode = FALSE
	EndGlobalSection
	GlobalSection(ExtensibilityGlobals) = postSolution
		SolutionGuid = {C151F986-1A95-4631-A3B5-F0C4C85A11A0}
	EndGlobalSection
EndGlobal
